// !$*UTF8*$!
{
	archiveVersion = 1;
	classes = {
	};
	objectVersion = 55;
	objects = {

/* Begin PBXBuildFile section */
		27C574422829AA800070D640 /* AppDelegate.m in Sources */ = {isa = PBXBuildFile; fileRef = 27C574412829AA800070D640 /* AppDelegate.m */; };
		27C574452829AA800070D640 /* ViewController.m in Sources */ = {isa = PBXBuildFile; fileRef = 27C574442829AA800070D640 /* ViewController.m */; };
		27C574472829AA800070D640 /* Assets.xcassets in Resources */ = {isa = PBXBuildFile; fileRef = 27C574462829AA800070D640 /* Assets.xcassets */; };
		27C5744A2829AA800070D640 /* Main.storyboard in Resources */ = {isa = PBXBuildFile; fileRef = 27C574482829AA800070D640 /* Main.storyboard */; };
		27C5744C2829AA800070D640 /* main.m in Sources */ = {isa = PBXBuildFile; fileRef = 27C5744B2829AA800070D640 /* main.m */; };
		27C574552829AC330070D640 /* CoreBluetooth.framework in Frameworks */ = {isa = PBXBuildFile; fileRef = 27C574542829AC330070D640 /* CoreBluetooth.framework */; };
		27C574592829AC410070D640 /* BluetoothScanner.m in Sources */ = {isa = PBXBuildFile; fileRef = 27C574582829AC410070D640 /* BluetoothScanner.m */; };
		27C5745B2829D6650070D640 /* HeartRateParser.m in Sources */ = {isa = PBXBuildFile; fileRef = 27C5745A2829D6650070D640 /* HeartRateParser.m */; };
		27C5745F2829DA790070D640 /* CyclingPowerParser.m in Sources */ = {isa = PBXBuildFile; fileRef = 27C5745E2829DA790070D640 /* CyclingPowerParser.m */; };
/* End PBXBuildFile section */

/* Begin PBXFileReference section */
		27C5743D2829AA800070D640 /* BluetoothTest_objc.app */ = {isa = PBXFileReference; explicitFileType = wrapper.application; includeInIndex = 0; path = BluetoothTest_objc.app; sourceTree = BUILT_PRODUCTS_DIR; };
		27C574402829AA800070D640 /* AppDelegate.h */ = {isa = PBXFileReference; lastKnownFileType = sourcecode.c.h; path = AppDelegate.h; sourceTree = "<group>"; };
		27C574412829AA800070D640 /* AppDelegate.m */ = {isa = PBXFileReference; lastKnownFileType = sourcecode.c.objc; path = AppDelegate.m; sourceTree = "<group>"; };
		27C574432829AA800070D640 /* ViewController.h */ = {isa = PBXFileReference; lastKnownFileType = sourcecode.c.h; path = ViewController.h; sourceTree = "<group>"; };
		27C574442829AA800070D640 /* ViewController.m */ = {isa = PBXFileReference; lastKnownFileType = sourcecode.c.objc; path = ViewController.m; sourceTree = "<group>"; };
		27C574462829AA800070D640 /* Assets.xcassets */ = {isa = PBXFileReference; lastKnownFileType = folder.assetcatalog; path = Assets.xcassets; sourceTree = "<group>"; };
		27C574492829AA800070D640 /* Base */ = {isa = PBXFileReference; lastKnownFileType = file.storyboard; name = Base; path = Base.lproj/Main.storyboard; sourceTree = "<group>"; };
		27C5744B2829AA800070D640 /* main.m */ = {isa = PBXFileReference; lastKnownFileType = sourcecode.c.objc; path = main.m; sourceTree = "<group>"; };
		27C5744D2829AA800070D640 /* BluetoothTest_objc.entitlements */ = {isa = PBXFileReference; lastKnownFileType = text.plist.entitlements; path = BluetoothTest_objc.entitlements; sourceTree = "<group>"; };
		27C574542829AC330070D640 /* CoreBluetooth.framework */ = {isa = PBXFileReference; lastKnownFileType = wrapper.framework; name = CoreBluetooth.framework; path = System/Library/Frameworks/CoreBluetooth.framework; sourceTree = SDKROOT; };
		27C574562829AC410070D640 /* BluetoothServices.h */ = {isa = PBXFileReference; fileEncoding = 4; lastKnownFileType = sourcecode.c.h; path = BluetoothServices.h; sourceTree = "<group>"; };
		27C574572829AC410070D640 /* BluetoothScanner.h */ = {isa = PBXFileReference; fileEncoding = 4; lastKnownFileType = sourcecode.c.h; path = BluetoothScanner.h; sourceTree = "<group>"; };
		27C574582829AC410070D640 /* BluetoothScanner.m */ = {isa = PBXFileReference; fileEncoding = 4; lastKnownFileType = sourcecode.c.objc; path = BluetoothScanner.m; sourceTree = "<group>"; };
		27C5745A2829D6650070D640 /* HeartRateParser.m */ = {isa = PBXFileReference; lastKnownFileType = sourcecode.c.objc; path = HeartRateParser.m; sourceTree = "<group>"; };
		27C5745C2829D6F00070D640 /* HeartRateParser.h */ = {isa = PBXFileReference; lastKnownFileType = sourcecode.c.h; path = HeartRateParser.h; sourceTree = "<group>"; };
		27C5745D2829D9D90070D640 /* CyclingPowerParser.h */ = {isa = PBXFileReference; lastKnownFileType = sourcecode.c.h; path = CyclingPowerParser.h; sourceTree = "<group>"; };
		27C5745E2829DA790070D640 /* CyclingPowerParser.m */ = {isa = PBXFileReference; lastKnownFileType = sourcecode.c.objc; path = CyclingPowerParser.m; sourceTree = "<group>"; };
/* End PBXFileReference section */

/* Begin PBXFrameworksBuildPhase section */
		27C5743A2829AA800070D640 /* Frameworks */ = {
			isa = PBXFrameworksBuildPhase;
			buildActionMask = 2147483647;
			files = (
				27C574552829AC330070D640 /* CoreBluetooth.framework in Frameworks */,
			);
			runOnlyForDeploymentPostprocessing = 0;
		};
/* End PBXFrameworksBuildPhase section */

/* Begin PBXGroup section */
		27C574342829AA800070D640 = {
			isa = PBXGroup;
			children = (
				27C5743F2829AA800070D640 /* BluetoothTest_objc */,
				27C5743E2829AA800070D640 /* Products */,
				27C574532829AC330070D640 /* Frameworks */,
			);
			sourceTree = "<group>";
		};
		27C5743E2829AA800070D640 /* Products */ = {
			isa = PBXGroup;
			children = (
				27C5743D2829AA800070D640 /* BluetoothTest_objc.app */,
			);
			name = Products;
			sourceTree = "<group>";
		};
		27C5743F2829AA800070D640 /* BluetoothTest_objc */ = {
			isa = PBXGroup;
			children = (
				27C574402829AA800070D640 /* AppDelegate.h */,
				27C574412829AA800070D640 /* AppDelegate.m */,
				27C574572829AC410070D640 /* BluetoothScanner.h */,
				27C574582829AC410070D640 /* BluetoothScanner.m */,
				27C574562829AC410070D640 /* BluetoothServices.h */,
				27C5745D2829D9D90070D640 /* CyclingPowerParser.h */,
				27C5745E2829DA790070D640 /* CyclingPowerParser.m */,
				27C5745C2829D6F00070D640 /* HeartRateParser.h */,
				27C5745A2829D6650070D640 /* HeartRateParser.m */,
				27C574432829AA800070D640 /* ViewController.h */,
				27C574442829AA800070D640 /* ViewController.m */,
				27C574462829AA800070D640 /* Assets.xcassets */,
				27C574482829AA800070D640 /* Main.storyboard */,
				27C5744B2829AA800070D640 /* main.m */,
				27C5744D2829AA800070D640 /* BluetoothTest_objc.entitlements */,
			);
			path = BluetoothTest_objc;
			sourceTree = "<group>";
		};
		27C574532829AC330070D640 /* Frameworks */ = {
			isa = PBXGroup;
			children = (
				27C574542829AC330070D640 /* CoreBluetooth.framework */,
			);
			name = Frameworks;
			sourceTree = "<group>";
		};
/* End PBXGroup section */

/* Begin PBXNativeTarget section */
		27C5743C2829AA800070D640 /* BluetoothTest_objc */ = {
			isa = PBXNativeTarget;
			buildConfigurationList = 27C574502829AA800070D640 /* Build configuration list for PBXNativeTarget "BluetoothTest_objc" */;
			buildPhases = (
				27C574392829AA800070D640 /* Sources */,
				27C5743A2829AA800070D640 /* Frameworks */,
				27C5743B2829AA800070D640 /* Resources */,
			);
			buildRules = (
			);
			dependencies = (
			);
			name = BluetoothTest_objc;
			productName = BluetoothTest_objc;
			productReference = 27C5743D2829AA800070D640 /* BluetoothTest_objc.app */;
			productType = "com.apple.product-type.application";
		};
/* End PBXNativeTarget section */

/* Begin PBXProject section */
		27C574352829AA800070D640 /* Project object */ = {
			isa = PBXProject;
			attributes = {
				BuildIndependentTargetsInParallel = 1;
				LastUpgradeCheck = 1330;
				TargetAttributes = {
					27C5743C2829AA800070D640 = {
						CreatedOnToolsVersion = 13.3.1;
					};
				};
			};
			buildConfigurationList = 27C574382829AA800070D640 /* Build configuration list for PBXProject "BluetoothTest_objc" */;
			compatibilityVersion = "Xcode 13.0";
			developmentRegion = en;
			hasScannedForEncodings = 0;
			knownRegions = (
				en,
				Base,
			);
			mainGroup = 27C574342829AA800070D640;
			productRefGroup = 27C5743E2829AA800070D640 /* Products */;
			projectDirPath = "";
			projectRoot = "";
			targets = (
				27C5743C2829AA800070D640 /* BluetoothTest_objc */,
			);
		};
/* End PBXProject section */

/* Begin PBXResourcesBuildPhase section */
		27C5743B2829AA800070D640 /* Resources */ = {
			isa = PBXResourcesBuildPhase;
			buildActionMask = 2147483647;
			files = (
				27C574472829AA800070D640 /* Assets.xcassets in Resources */,
				27C5744A2829AA800070D640 /* Main.storyboard in Resources */,
			);
			runOnlyForDeploymentPostprocessing = 0;
		};
/* End PBXResourcesBuildPhase section */

/* Begin PBXSourcesBuildPhase section */
		27C574392829AA800070D640 /* Sources */ = {
			isa = PBXSourcesBuildPhase;
			buildActionMask = 2147483647;
			files = (
				27C5745F2829DA790070D640 /* CyclingPowerParser.m in Sources */,
				27C574452829AA800070D640 /* ViewController.m in Sources */,
				27C574592829AC410070D640 /* BluetoothScanner.m in Sources */,
				27C5744C2829AA800070D640 /* main.m in Sources */,
				27C5745B2829D6650070D640 /* HeartRateParser.m in Sources */,
				27C574422829AA800070D640 /* AppDelegate.m in Sources */,
			);
			runOnlyForDeploymentPostprocessing = 0;
		};
/* End PBXSourcesBuildPhase section */

/* Begin PBXVariantGroup section */
		27C574482829AA800070D640 /* Main.storyboard */ = {
			isa = PBXVariantGroup;
			children = (
				27C574492829AA800070D640 /* Base */,
			);
			name = Main.storyboard;
			sourceTree = "<group>";
		};
/* End PBXVariantGroup section */

/* Begin XCBuildConfiguration section */
		27C5744E2829AA800070D640 /* Debug */ = {
			isa = XCBuildConfiguration;
			buildSettings = {
				ALWAYS_SEARCH_USER_PATHS = NO;
				CLANG_ANALYZER_NONNULL = YES;
				CLANG_ANALYZER_NUMBER_OBJECT_CONVERSION = YES_AGGRESSIVE;
				CLANG_CXX_LANGUAGE_STANDARD = "gnu++17";
				CLANG_ENABLE_MODULES = YES;
				CLANG_ENABLE_OBJC_ARC = YES;
				CLANG_ENABLE_OBJC_WEAK = YES;
				CLANG_WARN_BLOCK_CAPTURE_AUTORELEASING = YES;
				CLANG_WARN_BOOL_CONVERSION = YES;
				CLANG_WARN_COMMA = YES;
				CLANG_WARN_CONSTANT_CONVERSION = YES;
				CLANG_WARN_DEPRECATED_OBJC_IMPLEMENTATIONS = YES;
				CLANG_WARN_DIRECT_OBJC_ISA_USAGE = YES_ERROR;
				CLANG_WARN_DOCUMENTATION_COMMENTS = YES;
				CLANG_WARN_EMPTY_BODY = YES;
				CLANG_WARN_ENUM_CONVERSION = YES;
				CLANG_WARN_INFINITE_RECURSION = YES;
				CLANG_WARN_INT_CONVERSION = YES;
				CLANG_WARN_NON_LITERAL_NULL_CONVERSION = YES;
				CLANG_WARN_OBJC_IMPLICIT_RETAIN_SELF = YES;
				CLANG_WARN_OBJC_LITERAL_CONVERSION = YES;
				CLANG_WARN_OBJC_ROOT_CLASS = YES_ERROR;
				CLANG_WARN_QUOTED_INCLUDE_IN_FRAMEWORK_HEADER = YES;
				CLANG_WARN_RANGE_LOOP_ANALYSIS = YES;
				CLANG_WARN_STRICT_PROTOTYPES = YES;
				CLANG_WARN_SUSPICIOUS_MOVE = YES;
				CLANG_WARN_UNGUARDED_AVAILABILITY = YES_AGGRESSIVE;
				CLANG_WARN_UNREACHABLE_CODE = YES;
				CLANG_WARN__DUPLICATE_METHOD_MATCH = YES;
				COPY_PHASE_STRIP = NO;
				DEBUG_INFORMATION_FORMAT = dwarf;
				ENABLE_STRICT_OBJC_MSGSEND = YES;
				ENABLE_TESTABILITY = YES;
				GCC_C_LANGUAGE_STANDARD = gnu11;
				GCC_DYNAMIC_NO_PIC = NO;
				GCC_NO_COMMON_BLOCKS = YES;
				GCC_OPTIMIZATION_LEVEL = 0;
				GCC_PREPROCESSOR_DEFINITIONS = (
					"DEBUG=1",
					"$(inherited)",
				);
				GCC_WARN_64_TO_32_BIT_CONVERSION = YES;
				GCC_WARN_ABOUT_RETURN_TYPE = YES_ERROR;
				GCC_WARN_UNDECLARED_SELECTOR = YES;
				GCC_WARN_UNINITIALIZED_AUTOS = YES_AGGRESSIVE;
				GCC_WARN_UNUSED_FUNCTION = YES;
				GCC_WARN_UNUSED_VARIABLE = YES;
				MACOSX_DEPLOYMENT_TARGET = 12.3;
				MTL_ENABLE_DEBUG_INFO = INCLUDE_SOURCE;
				MTL_FAST_MATH = YES;
				ONLY_ACTIVE_ARCH = YES;
				SDKROOT = macosx;
			};
			name = Debug;
		};
		27C5744F2829AA800070D640 /* Release */ = {
			isa = XCBuildConfiguration;
			buildSettings = {
				ALWAYS_SEARCH_USER_PATHS = NO;
				CLANG_ANALYZER_NONNULL = YES;
				CLANG_ANALYZER_NUMBER_OBJECT_CONVERSION = YES_AGGRESSIVE;
				CLANG_CXX_LANGUAGE_STANDARD = "gnu++17";
				CLANG_ENABLE_MODULES = YES;
				CLANG_ENABLE_OBJC_ARC = YES;
				CLANG_ENABLE_OBJC_WEAK = YES;
				CLANG_WARN_BLOCK_CAPTURE_AUTORELEASING = YES;
				CLANG_WARN_BOOL_CONVERSION = YES;
				CLANG_WARN_COMMA = YES;
				CLANG_WARN_CONSTANT_CONVERSION = YES;
				CLANG_WARN_DEPRECATED_OBJC_IMPLEMENTATIONS = YES;
				CLANG_WARN_DIRECT_OBJC_ISA_USAGE = YES_ERROR;
				CLANG_WARN_DOCUMENTATION_COMMENTS = YES;
				CLANG_WARN_EMPTY_BODY = YES;
				CLANG_WARN_ENUM_CONVERSION = YES;
				CLANG_WARN_INFINITE_RECURSION = YES;
				CLANG_WARN_INT_CONVERSION = YES;
				CLANG_WARN_NON_LITERAL_NULL_CONVERSION = YES;
				CLANG_WARN_OBJC_IMPLICIT_RETAIN_SELF = YES;
				CLANG_WARN_OBJC_LITERAL_CONVERSION = YES;
				CLANG_WARN_OBJC_ROOT_CLASS = YES_ERROR;
				CLANG_WARN_QUOTED_INCLUDE_IN_FRAMEWORK_HEADER = YES;
				CLANG_WARN_RANGE_LOOP_ANALYSIS = YES;
				CLANG_WARN_STRICT_PROTOTYPES = YES;
				CLANG_WARN_SUSPICIOUS_MOVE = YES;
				CLANG_WARN_UNGUARDED_AVAILABILITY = YES_AGGRESSIVE;
				CLANG_WARN_UNREACHABLE_CODE = YES;
				CLANG_WARN__DUPLICATE_METHOD_MATCH = YES;
				COPY_PHASE_STRIP = NO;
				DEBUG_INFORMATION_FORMAT = "dwarf-with-dsym";
				ENABLE_NS_ASSERTIONS = NO;
				ENABLE_STRICT_OBJC_MSGSEND = YES;
				GCC_C_LANGUAGE_STANDARD = gnu11;
				GCC_NO_COMMON_BLOCKS = YES;
				GCC_WARN_64_TO_32_BIT_CONVERSION = YES;
				GCC_WARN_ABOUT_RETURN_TYPE = YES_ERROR;
				GCC_WARN_UNDECLARED_SELECTOR = YES;
				GCC_WARN_UNINITIALIZED_AUTOS = YES_AGGRESSIVE;
				GCC_WARN_UNUSED_FUNCTION = YES;
				GCC_WARN_UNUSED_VARIABLE = YES;
				MACOSX_DEPLOYMENT_TARGET = 12.3;
				MTL_ENABLE_DEBUG_INFO = NO;
				MTL_FAST_MATH = YES;
				SDKROOT = macosx;
			};
			name = Release;
		};
		27C574512829AA800070D640 /* Debug */ = {
			isa = XCBuildConfiguration;
			buildSettings = {
				ASSETCATALOG_COMPILER_APPICON_NAME = AppIcon;
				ASSETCATALOG_COMPILER_GLOBAL_ACCENT_COLOR_NAME = AccentColor;
				CODE_SIGN_ENTITLEMENTS = BluetoothTest_objc/BluetoothTest_objc.entitlements;
				CODE_SIGN_STYLE = Automatic;
				COMBINE_HIDPI_IMAGES = YES;
				CURRENT_PROJECT_VERSION = 1;
				DEVELOPMENT_TEAM = F42C985T48;
				ENABLE_HARDENED_RUNTIME = YES;
				GENERATE_INFOPLIST_FILE = YES;
				INFOPLIST_KEY_NSBluetoothAlwaysUsageDescription = "App uses continued access to Bluetooth to test the Bluetooth library.";
				INFOPLIST_KEY_NSBluetoothPeripheralUsageDescription = "App uses Bluetooth to test the Bluetooth library.";
				INFOPLIST_KEY_NSHumanReadableCopyright = "";
				INFOPLIST_KEY_NSMainStoryboardFile = Main;
				INFOPLIST_KEY_NSPrincipalClass = NSApplication;
				LD_RUNPATH_SEARCH_PATHS = (
					"$(inherited)",
					"@executable_path/../Frameworks",
				);
				MARKETING_VERSION = 1.0;
				PRODUCT_BUNDLE_IDENTIFIER = "com.mjs-software.BluetoothTest-objc";
				PRODUCT_NAME = "$(TARGET_NAME)";
				SWIFT_EMIT_LOC_STRINGS = YES;
			};
			name = Debug;
		};
		27C574522829AA800070D640 /* Release */ = {
			isa = XCBuildConfiguration;
			buildSettings = {
				ASSETCATALOG_COMPILER_APPICON_NAME = AppIcon;
				ASSETCATALOG_COMPILER_GLOBAL_ACCENT_COLOR_NAME = AccentColor;
				CODE_SIGN_ENTITLEMENTS = BluetoothTest_objc/BluetoothTest_objc.entitlements;
				CODE_SIGN_STYLE = Automatic;
				COMBINE_HIDPI_IMAGES = YES;
				CURRENT_PROJECT_VERSION = 1;
				DEVELOPMENT_TEAM = F42C985T48;
				ENABLE_HARDENED_RUNTIME = YES;
				GENERATE_INFOPLIST_FILE = YES;
				INFOPLIST_KEY_NSBluetoothAlwaysUsageDescription = "App uses continued access to Bluetooth to test the Bluetooth library.";
				INFOPLIST_KEY_NSBluetoothPeripheralUsageDescription = "App uses Bluetooth to test the Bluetooth library.";
				INFOPLIST_KEY_NSHumanReadableCopyright = "";
				INFOPLIST_KEY_NSMainStoryboardFile = Main;
				INFOPLIST_KEY_NSPrincipalClass = NSApplication;
				LD_RUNPATH_SEARCH_PATHS = (
					"$(inherited)",
					"@executable_path/../Frameworks",
				);
				MARKETING_VERSION = 1.0;
				PRODUCT_BUNDLE_IDENTIFIER = "com.mjs-software.BluetoothTest-objc";
				PRODUCT_NAME = "$(TARGET_NAME)";
				SWIFT_EMIT_LOC_STRINGS = YES;
			};
			name = Release;
		};
/* End XCBuildConfiguration section */

/* Begin XCConfigurationList section */
		27C574382829AA800070D640 /* Build configuration list for PBXProject "BluetoothTest_objc" */ = {
			isa = XCConfigurationList;
			buildConfigurations = (
				27C5744E2829AA800070D640 /* Debug */,
				27C5744F2829AA800070D640 /* Release */,
			);
			defaultConfigurationIsVisible = 0;
			defaultConfigurationName = Release;
		};
		27C574502829AA800070D640 /* Build configuration list for PBXNativeTarget "BluetoothTest_objc" */ = {
			isa = XCConfigurationList;
			buildConfigurations = (
				27C574512829AA800070D640 /* Debug */,
				27C574522829AA800070D640 /* Release */,
			);
			defaultConfigurationIsVisible = 0;
			defaultConfigurationName = Release;
		};
/* End XCConfigurationList section */
	};
	rootObject = 27C574352829AA800070D640 /* Project object */;
}
