
Microsoft Visual Studio Solution File, Format Version 12.00
# Visual Studio Version 17
VisualStudioVersion = 17.1.32421.90
MinimumVisualStudioVersion = 10.0.40219.1
Project("{8BC9CEB8-8B4A-11D0-8D11-00A0C91BC942}") = "BluetoothTest", "BluetoothTest.vcxproj", "{284A0002-ED2D-4345-A1B0-87023C3162E3}"
EndProject
Global
	GlobalSection(SolutionConfigurationPlatforms) = preSolution
		Debug|x64 = Debug|x64
		Debug|x86 = Debug|x86
		Release|x64 = Release|x64
		Release|x86 = Release|x86
	EndGlobalSection
	GlobalSection(ProjectConfigurationPlatforms) = postSolution
		{284A0002-ED2D-4345-A1B0-87023C3162E3}.Debug|x64.ActiveCfg = Debug|x64
		{284A0002-ED2D-4345-A1B0-87023C3162E3}.Debug|x64.Build.0 = Debug|x64
		{284A0002-ED2D-4345-A1B0-87023C3162E3}.Debug|x86.ActiveCfg = Debug|Win32
		{284A0002-ED2D-4345-A1B0-87023C3162E3}.Debug|x86.Build.0 = Debug|Win32
		{284A0002-ED2D-4345-A1B0-87023C3162E3}.Release|x64.ActiveCfg = Release|x64
		{284A0002-ED2D-4345-A1B0-87023C3162E3}.Release|x64.Build.0 = Release|x64
		{284A0002-ED2D-4345-A1B0-87023C3162E3}.Release|x86.ActiveCfg = Release|Win32
		{284A0002-ED2D-4345-A1B0-87023C3162E3}.Release|x86.Build.0 = Release|Win32
	EndGlobalSection
	GlobalSection(SolutionProperties) = preSolution
		HideSolutionNode = FALSE
	EndGlobalSection
	GlobalSection(ExtensibilityGlobals) = postSolution
		SolutionGuid = {DFE4348C-73A2-4506-B59C-C871E6A67D0D}
	EndGlobalSection
EndGlobal
